
Microsoft Visual Studio Solution File, Format Version 12.00
# Visual Studio Version 16
VisualStudioVersion = 16.0.30804.86
MinimumVisualStudioVersion = 10.0.40219.1
Project("{FAE04EC0-301F-11D3-BF4B-00C04F79EFBC}") = "Win.yahoohub", "Win.yahoohub\Win.yahoohub.csproj", "{D3217D10-0ED6-4090-9300-56031E1DB164}"
EndProject
Global
	GlobalSection(SolutionConfigurationPlatforms) = preSolution
		Debug|Any CPU = Debug|Any CPU
		Release|Any CPU = Release|Any CPU
	EndGlobalSection
	GlobalSection(ProjectConfigurationPlatforms) = postSolution
		{D3217D10-0ED6-4090-9300-56031E1DB164}.Debug|Any CPU.ActiveCfg = Debug|Any CPU
		{D3217D10-0ED6-4090-9300-56031E1DB164}.Debug|Any CPU.Build.0 = Debug|Any CPU
		{D3217D10-0ED6-4090-9300-56031E1DB164}.Release|Any CPU.ActiveCfg = Release|Any CPU
		{D3217D10-0ED6-4090-9300-56031E1DB164}.Release|Any CPU.Build.0 = Release|Any CPU
	EndGlobalSection
	GlobalSection(SolutionProperties) = preSolution
		HideSolutionNode = FALSE
	EndGlobalSection
	GlobalSection(ExtensibilityGlobals) = postSolution
		SolutionGuid = {293EAA8E-A6F1-4F02-B731-D14CAA93D4B2}
	EndGlobalSection
EndGlobal
